
Microsoft Visual Studio Solution File, Format Version 12.00
# Visual Studio Version 17
VisualStudioVersion = 17.4.33205.214
MinimumVisualStudioVersion = 10.0.40219.1
Project("{9A19103F-16F7-4668-BE54-9A1E7A4F7556}") = "WPF_Front", "WPF_Front\WPF_Front.csproj", "{3DCC78B7-E8C7-42EE-A9E8-193A48CC0342}"
EndProject
Project("{9A19103F-16F7-4668-BE54-9A1E7A4F7556}") = "Dictionary", "Dictionary\Dictionary.csproj", "{7DB8CEE3-22CC-441F-8CB2-1F81FB9C8AC4}"
EndProject
Project("{9A19103F-16F7-4668-BE54-9A1E7A4F7556}") = "DAL", "DAL\DAL.csproj", "{DB29AB66-B922-4586-9E59-DAFFB16285A5}"
EndProject
Global
	GlobalSection(SolutionConfigurationPlatforms) = preSolution
		Debug|Any CPU = Debug|Any CPU
		Release|Any CPU = Release|Any CPU
	EndGlobalSection
	GlobalSection(ProjectConfigurationPlatforms) = postSolution
		{3DCC78B7-E8C7-42EE-A9E8-193A48CC0342}.Debug|Any CPU.ActiveCfg = Debug|Any CPU
		{3DCC78B7-E8C7-42EE-A9E8-193A48CC0342}.Debug|Any CPU.Build.0 = Debug|Any CPU
		{3DCC78B7-E8C7-42EE-A9E8-193A48CC0342}.Release|Any CPU.ActiveCfg = Release|Any CPU
		{3DCC78B7-E8C7-42EE-A9E8-193A48CC0342}.Release|Any CPU.Build.0 = Release|Any CPU
		{7DB8CEE3-22CC-441F-8CB2-1F81FB9C8AC4}.Debug|Any CPU.ActiveCfg = Debug|Any CPU
		{7DB8CEE3-22CC-441F-8CB2-1F81FB9C8AC4}.Debug|Any CPU.Build.0 = Debug|Any CPU
		{7DB8CEE3-22CC-441F-8CB2-1F81FB9C8AC4}.Release|Any CPU.ActiveCfg = Release|Any CPU
		{7DB8CEE3-22CC-441F-8CB2-1F81FB9C8AC4}.Release|Any CPU.Build.0 = Release|Any CPU
		{DB29AB66-B922-4586-9E59-DAFFB16285A5}.Debug|Any CPU.ActiveCfg = Debug|Any CPU
		{DB29AB66-B922-4586-9E59-DAFFB16285A5}.Debug|Any CPU.Build.0 = Debug|Any CPU
		{DB29AB66-B922-4586-9E59-DAFFB16285A5}.Release|Any CPU.ActiveCfg = Release|Any CPU
		{DB29AB66-B922-4586-9E59-DAFFB16285A5}.Release|Any CPU.Build.0 = Release|Any CPU
	EndGlobalSection
	GlobalSection(SolutionProperties) = preSolution
		HideSolutionNode = FALSE
	EndGlobalSection
	GlobalSection(ExtensibilityGlobals) = postSolution
		SolutionGuid = {13788049-B5AB-46EB-97EB-F25EFD454AFE}
	EndGlobalSection
EndGlobal
